
Microsoft Visual Studio Solution File, Format Version 12.00
# Visual Studio Version 17
VisualStudioVersion = 17.0.31903.59
MinimumVisualStudioVersion = 10.0.40219.1
Project("{2150E333-8FDC-42A3-9474-1A3956D46DE8}") = "src", "src", "{827E0CD3-B72D-47B6-A68D-7590B98EB39B}"
EndProject
Project("{FAE04EC0-301F-11D3-BF4B-00C04F79EFBC}") = "Elsie.Core", "src\Elsie.Core\Elsie.Core.csproj", "{2E1B51D0-E2A0-48FC-B43D-15ACEF13FD92}"
EndProject
Project("{FAE04EC0-301F-11D3-BF4B-00C04F79EFBC}") = "Elsie", "src\Elsie\Elsie.csproj", "{DFED1C9E-E1B2-4B57-8893-E7ED1E5E1876}"
EndProject
Project("{FAE04EC0-301F-11D3-BF4B-00C04F79EFBC}") = "Elsie.Testing", "src\Elsie.Testing\Elsie.Testing.csproj", "{E43CD7C6-1B6F-4F4D-883E-CC87156A65D2}"
EndProject
Project("{FAE04EC0-301F-11D3-BF4B-00C04F79EFBC}") = "Elsie.Tests", "tests\Elsie.Tests\Elsie.Tests.csproj", "{1D060590-1249-483A-B9FA-19743A386573}"
EndProject
Project("{FAE04EC0-301F-11D3-BF4B-00C04F79EFBC}") = "Elsie.Web.Tests", "tests\Elsie.Web.Tests\Elsie.Web.Tests.csproj", "{24466FCB-1FB7-47AE-B2D8-FA4E98DE740A}"
EndProject
Project("{FAE04EC0-301F-11D3-BF4B-00C04F79EFBC}") = "Elsie.Testing.Tests", "tests\Elsie.Testing.Tests\Elsie.Testing.Tests.csproj", "{5C1761E1-7279-4410-8DA6-C638AEDC66FA}"
EndProject
Project("{2150E333-8FDC-42A3-9474-1A3956D46DE8}") = "samples", "samples", "{5D20AA90-6969-D8BD-9DCD-8634F4692FDA}"
EndProject
Project("{FAE04EC0-301F-11D3-BF4B-00C04F79EFBC}") = "Elsie.Sample.Api", "samples\Elsie.Sample.Api\Elsie.Sample.Api.csproj", "{64E34269-E9FF-467E-AB4F-D15217F74173}"
EndProject
Project("{FAE04EC0-301F-11D3-BF4B-00C04F79EFBC}") = "Elsie.Sample.HelloWorld", "samples\Elsie.Sample.HelloWorld\Elsie.Sample.HelloWorld.csproj", "{CB9D8B64-3610-43CD-B770-0E67CA546665}"
EndProject
Project("{FAE04EC0-301F-11D3-BF4B-00C04F79EFBC}") = "Elsie.Sample.Hello", "samples\Elsie.Sample.Hello\Elsie.Sample.Hello.csproj", "{BA35C714-490D-4D26-AA6F-7062E531AFD4}"
EndProject
Project("{FAE04EC0-301F-11D3-BF4B-00C04F79EFBC}") = "Elsie.Views", "src\Elsie.Views\Elsie.Views.csproj", "{C7AF259F-2372-49D8-8449-66056C53CF0C}"
EndProject
Project("{2150E333-8FDC-42A3-9474-1A3956D46DE8}") = "tests", "tests", "{0AB3BF05-4346-4AA6-1389-037BE0695223}"
EndProject
Project("{FAE04EC0-301F-11D3-BF4B-00C04F79EFBC}") = "Elsie.Views.Tests", "tests\Elsie.Views.Tests\Elsie.Views.Tests.csproj", "{A8F99B12-1072-4008-BA4E-EB136A48CA5A}"
EndProject
Project("{FAE04EC0-301F-11D3-BF4B-00C04F79EFBC}") = "Elsie.Sample.Views", "samples\Elsie.Sample.Views\Elsie.Sample.Views.csproj", "{AE6A3642-468A-422E-AEFB-8DA6DF2DE1E3}"
EndProject
Project("{FAE04EC0-301F-11D3-BF4B-00C04F79EFBC}") = "Elsie.Auth", "src\Elsie.Auth\Elsie.Auth.csproj", "{A1B2C3D4-E5F6-7890-ABCD-EF1234567890}"
EndProject
Project("{FAE04EC0-301F-11D3-BF4B-00C04F79EFBC}") = "Elsie.Cors", "src\Elsie.Cors\Elsie.Cors.csproj", "{B2C3D4E5-F6A7-8901-BCDE-F12345678901}"
EndProject
Project("{FAE04EC0-301F-11D3-BF4B-00C04F79EFBC}") = "Elsie.Auth.Tests", "tests\Elsie.Auth.Tests\Elsie.Auth.Tests.csproj", "{C3D4E5F6-A7B8-9012-CDEF-123456789012}"
EndProject
Project("{FAE04EC0-301F-11D3-BF4B-00C04F79EFBC}") = "Elsie.Cors.Tests", "tests\Elsie.Cors.Tests\Elsie.Cors.Tests.csproj", "{D4E5F6A7-B8C9-0123-DEF0-234567890123}"
EndProject
Project("{2150E333-8FDC-42A3-9474-1A3956D46DE8}") = "templates", "templates", "{F6A7B8C9-D0E1-2345-F012-456789012345}"
EndProject
Project("{FAE04EC0-301F-11D3-BF4B-00C04F79EFBC}") = "Elsie.Templates", "templates\Elsie.Templates.csproj", "{E5F6A7B8-C9D0-1234-EF01-345678901234}"
EndProject
Project("{FAE04EC0-301F-11D3-BF4B-00C04F79EFBC}") = "Elsie.Sample.Full", "samples\Elsie.Sample.Full\Elsie.Sample.Full.csproj", "{065222BD-8FF5-48CB-A9D9-7F2D41033D5A}"
EndProject
Project("{2150E333-8FDC-42A3-9474-1A3956D46DE8}") = "benchmarks", "benchmarks", "{66320409-64EC-F7C5-3DEF-65E7510DAAD1}"
EndProject
Project("{FAE04EC0-301F-11D3-BF4B-00C04F79EFBC}") = "Elsie.Benchmarks", "benchmarks\Elsie.Benchmarks\Elsie.Benchmarks.csproj", "{72671D96-E24F-41F0-9FAA-DC9A94274916}"
EndProject
Project("{FAE04EC0-301F-11D3-BF4B-00C04F79EFBC}") = "Elsie.Sample.Dashboard", "samples\Elsie.Sample.Dashboard\Elsie.Sample.Dashboard.csproj", "{379AF605-E5A2-4456-9E25-597594C6709E}"
EndProject
Project("{FAE04EC0-301F-11D3-BF4B-00C04F79EFBC}") = "Elsie.Validation", "src\Elsie.Validation\Elsie.Validation.csproj", "{8F243C36-2E0C-4BE3-9F8B-510E39499304}"
EndProject
Project("{FAE04EC0-301F-11D3-BF4B-00C04F79EFBC}") = "Elsie.Validation.Tests", "tests\Elsie.Validation.Tests\Elsie.Validation.Tests.csproj", "{D4D26390-A45C-417B-B31D-9EDF0980FD60}"
EndProject
Project("{FAE04EC0-301F-11D3-BF4B-00C04F79EFBC}") = "Elsie.Extensions.RateLimiting.Redis", "src\Elsie.Extensions.RateLimiting.Redis\Elsie.Extensions.RateLimiting.Redis.csproj", "{91C7E6B4-3F21-4B7E-9A8D-1F5C6E7F8A90}"
EndProject
Project("{FAE04EC0-301F-11D3-BF4B-00C04F79EFBC}") = "Elsie.RateLimiting.Redis.Tests", "tests\Elsie.RateLimiting.Redis.Tests\Elsie.RateLimiting.Redis.Tests.csproj", "{A2D8F7C5-4032-4C8F-AB9E-2A6D7F8E9B01}"
EndProject
Project("{FAE04EC0-301F-11D3-BF4B-00C04F79EFBC}") = "Elsie.Extensions.Auth.Redis", "src\Elsie.Extensions.Auth.Redis\Elsie.Extensions.Auth.Redis.csproj", "{5D4FB112-E160-4438-A8AC-72E97507C28D}"
EndProject
Project("{FAE04EC0-301F-11D3-BF4B-00C04F79EFBC}") = "Elsie.Auth.Redis.Tests", "tests\Elsie.Auth.Redis.Tests\Elsie.Auth.Redis.Tests.csproj", "{D9C1BF93-09E3-4378-8261-1957E9909A47}"
EndProject
Project("{FAE04EC0-301F-11D3-BF4B-00C04F79EFBC}") = "Elsie.Sample.Http3", "samples\Elsie.Sample.Http3\Elsie.Sample.Http3.csproj", "{3C332096-6B53-4DB1-A8D0-67B71D3EB2A8}"
EndProject
Project("{FAE04EC0-301F-11D3-BF4B-00C04F79EFBC}") = "Elsie.Grpc", "src\Elsie.Grpc\Elsie.Grpc.csproj", "{BCD6BBE3-F0B1-4BF8-9977-0A110410565A}"
EndProject
Project("{FAE04EC0-301F-11D3-BF4B-00C04F79EFBC}") = "Elsie.Sample.Grpc", "samples\Elsie.Sample.Grpc\Elsie.Sample.Grpc.csproj", "{44E235D0-69FB-47A1-814A-A918433821DD}"
EndProject
Project("{FAE04EC0-301F-11D3-BF4B-00C04F79EFBC}") = "Elsie.Grpc.Tests", "tests\Elsie.Grpc.Tests\Elsie.Grpc.Tests.csproj", "{B46D311D-0C0D-4996-BDCA-565FAB0348B6}"
EndProject
Global
	GlobalSection(SolutionConfigurationPlatforms) = preSolution
		Debug|Any CPU = Debug|Any CPU
		Debug|x64 = Debug|x64
		Debug|x86 = Debug|x86
		Release|Any CPU = Release|Any CPU
		Release|x64 = Release|x64
		Release|x86 = Release|x86
	EndGlobalSection
	GlobalSection(ProjectConfigurationPlatforms) = postSolution
		{2E1B51D0-E2A0-48FC-B43D-15ACEF13FD92}.Debug|Any CPU.ActiveCfg = Debug|Any CPU
		{2E1B51D0-E2A0-48FC-B43D-15ACEF13FD92}.Debug|Any CPU.Build.0 = Debug|Any CPU
		{2E1B51D0-E2A0-48FC-B43D-15ACEF13FD92}.Debug|x64.ActiveCfg = Debug|Any CPU
		{2E1B51D0-E2A0-48FC-B43D-15ACEF13FD92}.Debug|x64.Build.0 = Debug|Any CPU
		{2E1B51D0-E2A0-48FC-B43D-15ACEF13FD92}.Debug|x86.ActiveCfg = Debug|Any CPU
		{2E1B51D0-E2A0-48FC-B43D-15ACEF13FD92}.Debug|x86.Build.0 = Debug|Any CPU
		{2E1B51D0-E2A0-48FC-B43D-15ACEF13FD92}.Release|Any CPU.ActiveCfg = Release|Any CPU
		{2E1B51D0-E2A0-48FC-B43D-15ACEF13FD92}.Release|Any CPU.Build.0 = Release|Any CPU
		{2E1B51D0-E2A0-48FC-B43D-15ACEF13FD92}.Release|x64.ActiveCfg = Release|Any CPU
		{2E1B51D0-E2A0-48FC-B43D-15ACEF13FD92}.Release|x64.Build.0 = Release|Any CPU
		{2E1B51D0-E2A0-48FC-B43D-15ACEF13FD92}.Release|x86.ActiveCfg = Release|Any CPU
		{2E1B51D0-E2A0-48FC-B43D-15ACEF13FD92}.Release|x86.Build.0 = Release|Any CPU
		{DFED1C9E-E1B2-4B57-8893-E7ED1E5E1876}.Debug|Any CPU.ActiveCfg = Debug|Any CPU
		{DFED1C9E-E1B2-4B57-8893-E7ED1E5E1876}.Debug|Any CPU.Build.0 = Debug|Any CPU
		{DFED1C9E-E1B2-4B57-8893-E7ED1E5E1876}.Debug|x64.ActiveCfg = Debug|Any CPU
		{DFED1C9E-E1B2-4B57-8893-E7ED1E5E1876}.Debug|x64.Build.0 = Debug|Any CPU
		{DFED1C9E-E1B2-4B57-8893-E7ED1E5E1876}.Debug|x86.ActiveCfg = Debug|Any CPU
		{DFED1C9E-E1B2-4B57-8893-E7ED1E5E1876}.Debug|x86.Build.0 = Debug|Any CPU
		{DFED1C9E-E1B2-4B57-8893-E7ED1E5E1876}.Release|Any CPU.ActiveCfg = Release|Any CPU
		{DFED1C9E-E1B2-4B57-8893-E7ED1E5E1876}.Release|Any CPU.Build.0 = Release|Any CPU
		{DFED1C9E-E1B2-4B57-8893-E7ED1E5E1876}.Release|x64.ActiveCfg = Release|Any CPU
		{DFED1C9E-E1B2-4B57-8893-E7ED1E5E1876}.Release|x64.Build.0 = Release|Any CPU
		{DFED1C9E-E1B2-4B57-8893-E7ED1E5E1876}.Release|x86.ActiveCfg = Release|Any CPU
		{DFED1C9E-E1B2-4B57-8893-E7ED1E5E1876}.Release|x86.Build.0 = Release|Any CPU
		{E43CD7C6-1B6F-4F4D-883E-CC87156A65D2}.Debug|Any CPU.ActiveCfg = Debug|Any CPU
		{E43CD7C6-1B6F-4F4D-883E-CC87156A65D2}.Debug|Any CPU.Build.0 = Debug|Any CPU
		{E43CD7C6-1B6F-4F4D-883E-CC87156A65D2}.Debug|x64.ActiveCfg = Debug|Any CPU
		{E43CD7C6-1B6F-4F4D-883E-CC87156A65D2}.Debug|x64.Build.0 = Debug|Any CPU
		{E43CD7C6-1B6F-4F4D-883E-CC87156A65D2}.Debug|x86.ActiveCfg = Debug|Any CPU
		{E43CD7C6-1B6F-4F4D-883E-CC87156A65D2}.Debug|x86.Build.0 = Debug|Any CPU
		{E43CD7C6-1B6F-4F4D-883E-CC87156A65D2}.Release|Any CPU.ActiveCfg = Release|Any CPU
		{E43CD7C6-1B6F-4F4D-883E-CC87156A65D2}.Release|Any CPU.Build.0 = Release|Any CPU
		{E43CD7C6-1B6F-4F4D-883E-CC87156A65D2}.Release|x64.ActiveCfg = Release|Any CPU
		{E43CD7C6-1B6F-4F4D-883E-CC87156A65D2}.Release|x64.Build.0 = Release|Any CPU
		{E43CD7C6-1B6F-4F4D-883E-CC87156A65D2}.Release|x86.ActiveCfg = Release|Any CPU
		{E43CD7C6-1B6F-4F4D-883E-CC87156A65D2}.Release|x86.Build.0 = Release|Any CPU
		{1D060590-1249-483A-B9FA-19743A386573}.Debug|Any CPU.ActiveCfg = Debug|Any CPU
		{1D060590-1249-483A-B9FA-19743A386573}.Debug|Any CPU.Build.0 = Debug|Any CPU
		{1D060590-1249-483A-B9FA-19743A386573}.Debug|x64.ActiveCfg = Debug|Any CPU
		{1D060590-1249-483A-B9FA-19743A386573}.Debug|x64.Build.0 = Debug|Any CPU
		{1D060590-1249-483A-B9FA-19743A386573}.Debug|x86.ActiveCfg = Debug|Any CPU
		{1D060590-1249-483A-B9FA-19743A386573}.Debug|x86.Build.0 = Debug|Any CPU
		{1D060590-1249-483A-B9FA-19743A386573}.Release|Any CPU.ActiveCfg = Release|Any CPU
		{1D060590-1249-483A-B9FA-19743A386573}.Release|Any CPU.Build.0 = Release|Any CPU
		{1D060590-1249-483A-B9FA-19743A386573}.Release|x64.ActiveCfg = Release|Any CPU
		{1D060590-1249-483A-B9FA-19743A386573}.Release|x64.Build.0 = Release|Any CPU
		{1D060590-1249-483A-B9FA-19743A386573}.Release|x86.ActiveCfg = Release|Any CPU
		{1D060590-1249-483A-B9FA-19743A386573}.Release|x86.Build.0 = Release|Any CPU
		{24466FCB-1FB7-47AE-B2D8-FA4E98DE740A}.Debug|Any CPU.ActiveCfg = Debug|Any CPU
		{24466FCB-1FB7-47AE-B2D8-FA4E98DE740A}.Debug|Any CPU.Build.0 = Debug|Any CPU
		{24466FCB-1FB7-47AE-B2D8-FA4E98DE740A}.Debug|x64.ActiveCfg = Debug|Any CPU
		{24466FCB-1FB7-47AE-B2D8-FA4E98DE740A}.Debug|x64.Build.0 = Debug|Any CPU
		{24466FCB-1FB7-47AE-B2D8-FA4E98DE740A}.Debug|x86.ActiveCfg = Debug|Any CPU
		{24466FCB-1FB7-47AE-B2D8-FA4E98DE740A}.Debug|x86.Build.0 = Debug|Any CPU
		{24466FCB-1FB7-47AE-B2D8-FA4E98DE740A}.Release|Any CPU.ActiveCfg = Release|Any CPU
		{24466FCB-1FB7-47AE-B2D8-FA4E98DE740A}.Release|Any CPU.Build.0 = Release|Any CPU
		{24466FCB-1FB7-47AE-B2D8-FA4E98DE740A}.Release|x64.ActiveCfg = Release|Any CPU
		{24466FCB-1FB7-47AE-B2D8-FA4E98DE740A}.Release|x64.Build.0 = Release|Any CPU
		{24466FCB-1FB7-47AE-B2D8-FA4E98DE740A}.Release|x86.ActiveCfg = Release|Any CPU
		{24466FCB-1FB7-47AE-B2D8-FA4E98DE740A}.Release|x86.Build.0 = Release|Any CPU
		{5C1761E1-7279-4410-8DA6-C638AEDC66FA}.Debug|Any CPU.ActiveCfg = Debug|Any CPU
		{5C1761E1-7279-4410-8DA6-C638AEDC66FA}.Debug|Any CPU.Build.0 = Debug|Any CPU
		{5C1761E1-7279-4410-8DA6-C638AEDC66FA}.Debug|x64.ActiveCfg = Debug|Any CPU
		{5C1761E1-7279-4410-8DA6-C638AEDC66FA}.Debug|x64.Build.0 = Debug|Any CPU
		{5C1761E1-7279-4410-8DA6-C638AEDC66FA}.Debug|x86.ActiveCfg = Debug|Any CPU
		{5C1761E1-7279-4410-8DA6-C638AEDC66FA}.Debug|x86.Build.0 = Debug|Any CPU
		{5C1761E1-7279-4410-8DA6-C638AEDC66FA}.Release|Any CPU.ActiveCfg = Release|Any CPU
		{5C1761E1-7279-4410-8DA6-C638AEDC66FA}.Release|Any CPU.Build.0 = Release|Any CPU
		{5C1761E1-7279-4410-8DA6-C638AEDC66FA}.Release|x64.ActiveCfg = Release|Any CPU
		{5C1761E1-7279-4410-8DA6-C638AEDC66FA}.Release|x64.Build.0 = Release|Any CPU
		{5C1761E1-7279-4410-8DA6-C638AEDC66FA}.Release|x86.ActiveCfg = Release|Any CPU
		{5C1761E1-7279-4410-8DA6-C638AEDC66FA}.Release|x86.Build.0 = Release|Any CPU
		{64E34269-E9FF-467E-AB4F-D15217F74173}.Debug|Any CPU.ActiveCfg = Debug|Any CPU
		{64E34269-E9FF-467E-AB4F-D15217F74173}.Debug|Any CPU.Build.0 = Debug|Any CPU
		{64E34269-E9FF-467E-AB4F-D15217F74173}.Debug|x64.ActiveCfg = Debug|Any CPU
		{64E34269-E9FF-467E-AB4F-D15217F74173}.Debug|x64.Build.0 = Debug|Any CPU
		{64E34269-E9FF-467E-AB4F-D15217F74173}.Debug|x86.ActiveCfg = Debug|Any CPU
		{64E34269-E9FF-467E-AB4F-D15217F74173}.Debug|x86.Build.0 = Debug|Any CPU
		{64E34269-E9FF-467E-AB4F-D15217F74173}.Release|Any CPU.ActiveCfg = Release|Any CPU
		{64E34269-E9FF-467E-AB4F-D15217F74173}.Release|Any CPU.Build.0 = Release|Any CPU
		{64E34269-E9FF-467E-AB4F-D15217F74173}.Release|x64.ActiveCfg = Release|Any CPU
		{64E34269-E9FF-467E-AB4F-D15217F74173}.Release|x64.Build.0 = Release|Any CPU
		{64E34269-E9FF-467E-AB4F-D15217F74173}.Release|x86.ActiveCfg = Release|Any CPU
		{64E34269-E9FF-467E-AB4F-D15217F74173}.Release|x86.Build.0 = Release|Any CPU
		{CB9D8B64-3610-43CD-B770-0E67CA546665}.Debug|Any CPU.ActiveCfg = Debug|Any CPU
		{CB9D8B64-3610-43CD-B770-0E67CA546665}.Debug|Any CPU.Build.0 = Debug|Any CPU
		{CB9D8B64-3610-43CD-B770-0E67CA546665}.Debug|x64.ActiveCfg = Debug|Any CPU
		{CB9D8B64-3610-43CD-B770-0E67CA546665}.Debug|x64.Build.0 = Debug|Any CPU
		{CB9D8B64-3610-43CD-B770-0E67CA546665}.Debug|x86.ActiveCfg = Debug|Any CPU
		{CB9D8B64-3610-43CD-B770-0E67CA546665}.Debug|x86.Build.0 = Debug|Any CPU
		{CB9D8B64-3610-43CD-B770-0E67CA546665}.Release|Any CPU.ActiveCfg = Release|Any CPU
		{CB9D8B64-3610-43CD-B770-0E67CA546665}.Release|Any CPU.Build.0 = Release|Any CPU
		{CB9D8B64-3610-43CD-B770-0E67CA546665}.Release|x64.ActiveCfg = Release|Any CPU
		{CB9D8B64-3610-43CD-B770-0E67CA546665}.Release|x64.Build.0 = Release|Any CPU
		{CB9D8B64-3610-43CD-B770-0E67CA546665}.Release|x86.ActiveCfg = Release|Any CPU
		{CB9D8B64-3610-43CD-B770-0E67CA546665}.Release|x86.Build.0 = Release|Any CPU
		{BA35C714-490D-4D26-AA6F-7062E531AFD4}.Debug|Any CPU.ActiveCfg = Debug|Any CPU
		{BA35C714-490D-4D26-AA6F-7062E531AFD4}.Debug|Any CPU.Build.0 = Debug|Any CPU
		{BA35C714-490D-4D26-AA6F-7062E531AFD4}.Debug|x64.ActiveCfg = Debug|Any CPU
		{BA35C714-490D-4D26-AA6F-7062E531AFD4}.Debug|x64.Build.0 = Debug|Any CPU
		{BA35C714-490D-4D26-AA6F-7062E531AFD4}.Debug|x86.ActiveCfg = Debug|Any CPU
		{BA35C714-490D-4D26-AA6F-7062E531AFD4}.Debug|x86.Build.0 = Debug|Any CPU
		{BA35C714-490D-4D26-AA6F-7062E531AFD4}.Release|Any CPU.ActiveCfg = Release|Any CPU
		{BA35C714-490D-4D26-AA6F-7062E531AFD4}.Release|Any CPU.Build.0 = Release|Any CPU
		{BA35C714-490D-4D26-AA6F-7062E531AFD4}.Release|x64.ActiveCfg = Release|Any CPU
		{BA35C714-490D-4D26-AA6F-7062E531AFD4}.Release|x64.Build.0 = Release|Any CPU
		{BA35C714-490D-4D26-AA6F-7062E531AFD4}.Release|x86.ActiveCfg = Release|Any CPU
		{BA35C714-490D-4D26-AA6F-7062E531AFD4}.Release|x86.Build.0 = Release|Any CPU
		{C7AF259F-2372-49D8-8449-66056C53CF0C}.Debug|Any CPU.ActiveCfg = Debug|Any CPU
		{C7AF259F-2372-49D8-8449-66056C53CF0C}.Debug|Any CPU.Build.0 = Debug|Any CPU
		{C7AF259F-2372-49D8-8449-66056C53CF0C}.Debug|x64.ActiveCfg = Debug|Any CPU
		{C7AF259F-2372-49D8-8449-66056C53CF0C}.Debug|x64.Build.0 = Debug|Any CPU
		{C7AF259F-2372-49D8-8449-66056C53CF0C}.Debug|x86.ActiveCfg = Debug|Any CPU
		{C7AF259F-2372-49D8-8449-66056C53CF0C}.Debug|x86.Build.0 = Debug|Any CPU
		{C7AF259F-2372-49D8-8449-66056C53CF0C}.Release|Any CPU.ActiveCfg = Release|Any CPU
		{C7AF259F-2372-49D8-8449-66056C53CF0C}.Release|Any CPU.Build.0 = Release|Any CPU
		{C7AF259F-2372-49D8-8449-66056C53CF0C}.Release|x64.ActiveCfg = Release|Any CPU
		{C7AF259F-2372-49D8-8449-66056C53CF0C}.Release|x64.Build.0 = Release|Any CPU
		{C7AF259F-2372-49D8-8449-66056C53CF0C}.Release|x86.ActiveCfg = Release|Any CPU
		{C7AF259F-2372-49D8-8449-66056C53CF0C}.Release|x86.Build.0 = Release|Any CPU
		{A8F99B12-1072-4008-BA4E-EB136A48CA5A}.Debug|Any CPU.ActiveCfg = Debug|Any CPU
		{A8F99B12-1072-4008-BA4E-EB136A48CA5A}.Debug|Any CPU.Build.0 = Debug|Any CPU
		{A8F99B12-1072-4008-BA4E-EB136A48CA5A}.Debug|x64.ActiveCfg = Debug|Any CPU
		{A8F99B12-1072-4008-BA4E-EB136A48CA5A}.Debug|x64.Build.0 = Debug|Any CPU
		{A8F99B12-1072-4008-BA4E-EB136A48CA5A}.Debug|x86.ActiveCfg = Debug|Any CPU
		{A8F99B12-1072-4008-BA4E-EB136A48CA5A}.Debug|x86.Build.0 = Debug|Any CPU
		{A8F99B12-1072-4008-BA4E-EB136A48CA5A}.Release|Any CPU.ActiveCfg = Release|Any CPU
		{A8F99B12-1072-4008-BA4E-EB136A48CA5A}.Release|Any CPU.Build.0 = Release|Any CPU
		{A8F99B12-1072-4008-BA4E-EB136A48CA5A}.Release|x64.ActiveCfg = Release|Any CPU
		{A8F99B12-1072-4008-BA4E-EB136A48CA5A}.Release|x64.Build.0 = Release|Any CPU
		{A8F99B12-1072-4008-BA4E-EB136A48CA5A}.Release|x86.ActiveCfg = Release|Any CPU
		{A8F99B12-1072-4008-BA4E-EB136A48CA5A}.Release|x86.Build.0 = Release|Any CPU
		{AE6A3642-468A-422E-AEFB-8DA6DF2DE1E3}.Debug|Any CPU.ActiveCfg = Debug|Any CPU
		{AE6A3642-468A-422E-AEFB-8DA6DF2DE1E3}.Debug|Any CPU.Build.0 = Debug|Any CPU
		{AE6A3642-468A-422E-AEFB-8DA6DF2DE1E3}.Debug|x64.ActiveCfg = Debug|Any CPU
		{AE6A3642-468A-422E-AEFB-8DA6DF2DE1E3}.Debug|x64.Build.0 = Debug|Any CPU
		{AE6A3642-468A-422E-AEFB-8DA6DF2DE1E3}.Debug|x86.ActiveCfg = Debug|Any CPU
		{AE6A3642-468A-422E-AEFB-8DA6DF2DE1E3}.Debug|x86.Build.0 = Debug|Any CPU
		{AE6A3642-468A-422E-AEFB-8DA6DF2DE1E3}.Release|Any CPU.ActiveCfg = Release|Any CPU
		{AE6A3642-468A-422E-AEFB-8DA6DF2DE1E3}.Release|Any CPU.Build.0 = Release|Any CPU
		{AE6A3642-468A-422E-AEFB-8DA6DF2DE1E3}.Release|x64.ActiveCfg = Release|Any CPU
		{AE6A3642-468A-422E-AEFB-8DA6DF2DE1E3}.Release|x64.Build.0 = Release|Any CPU
		{AE6A3642-468A-422E-AEFB-8DA6DF2DE1E3}.Release|x86.ActiveCfg = Release|Any CPU
		{AE6A3642-468A-422E-AEFB-8DA6DF2DE1E3}.Release|x86.Build.0 = Release|Any CPU
		{A1B2C3D4-E5F6-7890-ABCD-EF1234567890}.Debug|Any CPU.ActiveCfg = Debug|Any CPU
		{A1B2C3D4-E5F6-7890-ABCD-EF1234567890}.Debug|Any CPU.Build.0 = Debug|Any CPU
		{A1B2C3D4-E5F6-7890-ABCD-EF1234567890}.Debug|x64.ActiveCfg = Debug|Any CPU
		{A1B2C3D4-E5F6-7890-ABCD-EF1234567890}.Debug|x64.Build.0 = Debug|Any CPU
		{A1B2C3D4-E5F6-7890-ABCD-EF1234567890}.Debug|x86.ActiveCfg = Debug|Any CPU
		{A1B2C3D4-E5F6-7890-ABCD-EF1234567890}.Debug|x86.Build.0 = Debug|Any CPU
		{A1B2C3D4-E5F6-7890-ABCD-EF1234567890}.Release|Any CPU.ActiveCfg = Release|Any CPU
		{A1B2C3D4-E5F6-7890-ABCD-EF1234567890}.Release|Any CPU.Build.0 = Release|Any CPU
		{A1B2C3D4-E5F6-7890-ABCD-EF1234567890}.Release|x64.ActiveCfg = Release|Any CPU
		{A1B2C3D4-E5F6-7890-ABCD-EF1234567890}.Release|x64.Build.0 = Release|Any CPU
		{A1B2C3D4-E5F6-7890-ABCD-EF1234567890}.Release|x86.ActiveCfg = Release|Any CPU
		{A1B2C3D4-E5F6-7890-ABCD-EF1234567890}.Release|x86.Build.0 = Release|Any CPU
		{B2C3D4E5-F6A7-8901-BCDE-F12345678901}.Debug|Any CPU.ActiveCfg = Debug|Any CPU
		{B2C3D4E5-F6A7-8901-BCDE-F12345678901}.Debug|Any CPU.Build.0 = Debug|Any CPU
		{B2C3D4E5-F6A7-8901-BCDE-F12345678901}.Debug|x64.ActiveCfg = Debug|Any CPU
		{B2C3D4E5-F6A7-8901-BCDE-F12345678901}.Debug|x64.Build.0 = Debug|Any CPU
		{B2C3D4E5-F6A7-8901-BCDE-F12345678901}.Debug|x86.ActiveCfg = Debug|Any CPU
		{B2C3D4E5-F6A7-8901-BCDE-F12345678901}.Debug|x86.Build.0 = Debug|Any CPU
		{B2C3D4E5-F6A7-8901-BCDE-F12345678901}.Release|Any CPU.ActiveCfg = Release|Any CPU
		{B2C3D4E5-F6A7-8901-BCDE-F12345678901}.Release|Any CPU.Build.0 = Release|Any CPU
		{B2C3D4E5-F6A7-8901-BCDE-F12345678901}.Release|x64.ActiveCfg = Release|Any CPU
		{B2C3D4E5-F6A7-8901-BCDE-F12345678901}.Release|x64.Build.0 = Release|Any CPU
		{B2C3D4E5-F6A7-8901-BCDE-F12345678901}.Release|x86.ActiveCfg = Release|Any CPU
		{B2C3D4E5-F6A7-8901-BCDE-F12345678901}.Release|x86.Build.0 = Release|Any CPU
		{C3D4E5F6-A7B8-9012-CDEF-123456789012}.Debug|Any CPU.ActiveCfg = Debug|Any CPU
		{C3D4E5F6-A7B8-9012-CDEF-123456789012}.Debug|Any CPU.Build.0 = Debug|Any CPU
		{C3D4E5F6-A7B8-9012-CDEF-123456789012}.Debug|x64.ActiveCfg = Debug|Any CPU
		{C3D4E5F6-A7B8-9012-CDEF-123456789012}.Debug|x64.Build.0 = Debug|Any CPU
		{C3D4E5F6-A7B8-9012-CDEF-123456789012}.Debug|x86.ActiveCfg = Debug|Any CPU
		{C3D4E5F6-A7B8-9012-CDEF-123456789012}.Debug|x86.Build.0 = Debug|Any CPU
		{C3D4E5F6-A7B8-9012-CDEF-123456789012}.Release|Any CPU.ActiveCfg = Release|Any CPU
		{C3D4E5F6-A7B8-9012-CDEF-123456789012}.Release|Any CPU.Build.0 = Release|Any CPU
		{C3D4E5F6-A7B8-9012-CDEF-123456789012}.Release|x64.ActiveCfg = Release|Any CPU
		{C3D4E5F6-A7B8-9012-CDEF-123456789012}.Release|x64.Build.0 = Release|Any CPU
		{C3D4E5F6-A7B8-9012-CDEF-123456789012}.Release|x86.ActiveCfg = Release|Any CPU
		{C3D4E5F6-A7B8-9012-CDEF-123456789012}.Release|x86.Build.0 = Release|Any CPU
		{D4E5F6A7-B8C9-0123-DEF0-234567890123}.Debug|Any CPU.ActiveCfg = Debug|Any CPU
		{D4E5F6A7-B8C9-0123-DEF0-234567890123}.Debug|Any CPU.Build.0 = Debug|Any CPU
		{D4E5F6A7-B8C9-0123-DEF0-234567890123}.Debug|x64.ActiveCfg = Debug|Any CPU
		{D4E5F6A7-B8C9-0123-DEF0-234567890123}.Debug|x64.Build.0 = Debug|Any CPU
		{D4E5F6A7-B8C9-0123-DEF0-234567890123}.Debug|x86.ActiveCfg = Debug|Any CPU
		{D4E5F6A7-B8C9-0123-DEF0-234567890123}.Debug|x86.Build.0 = Debug|Any CPU
		{D4E5F6A7-B8C9-0123-DEF0-234567890123}.Release|Any CPU.ActiveCfg = Release|Any CPU
		{D4E5F6A7-B8C9-0123-DEF0-234567890123}.Release|Any CPU.Build.0 = Release|Any CPU
		{D4E5F6A7-B8C9-0123-DEF0-234567890123}.Release|x64.ActiveCfg = Release|Any CPU
		{D4E5F6A7-B8C9-0123-DEF0-234567890123}.Release|x64.Build.0 = Release|Any CPU
		{D4E5F6A7-B8C9-0123-DEF0-234567890123}.Release|x86.ActiveCfg = Release|Any CPU
		{D4E5F6A7-B8C9-0123-DEF0-234567890123}.Release|x86.Build.0 = Release|Any CPU
		{E5F6A7B8-C9D0-1234-EF01-345678901234}.Debug|Any CPU.ActiveCfg = Debug|Any CPU
		{E5F6A7B8-C9D0-1234-EF01-345678901234}.Debug|Any CPU.Build.0 = Debug|Any CPU
		{E5F6A7B8-C9D0-1234-EF01-345678901234}.Debug|x64.ActiveCfg = Debug|Any CPU
		{E5F6A7B8-C9D0-1234-EF01-345678901234}.Debug|x64.Build.0 = Debug|Any CPU
		{E5F6A7B8-C9D0-1234-EF01-345678901234}.Debug|x86.ActiveCfg = Debug|Any CPU
		{E5F6A7B8-C9D0-1234-EF01-345678901234}.Debug|x86.Build.0 = Debug|Any CPU
		{E5F6A7B8-C9D0-1234-EF01-345678901234}.Release|Any CPU.ActiveCfg = Release|Any CPU
		{E5F6A7B8-C9D0-1234-EF01-345678901234}.Release|Any CPU.Build.0 = Release|Any CPU
		{E5F6A7B8-C9D0-1234-EF01-345678901234}.Release|x64.ActiveCfg = Release|Any CPU
		{E5F6A7B8-C9D0-1234-EF01-345678901234}.Release|x64.Build.0 = Release|Any CPU
		{E5F6A7B8-C9D0-1234-EF01-345678901234}.Release|x86.ActiveCfg = Release|Any CPU
		{E5F6A7B8-C9D0-1234-EF01-345678901234}.Release|x86.Build.0 = Release|Any CPU
		{065222BD-8FF5-48CB-A9D9-7F2D41033D5A}.Debug|Any CPU.ActiveCfg = Debug|Any CPU
		{065222BD-8FF5-48CB-A9D9-7F2D41033D5A}.Debug|Any CPU.Build.0 = Debug|Any CPU
		{065222BD-8FF5-48CB-A9D9-7F2D41033D5A}.Debug|x64.ActiveCfg = Debug|Any CPU
		{065222BD-8FF5-48CB-A9D9-7F2D41033D5A}.Debug|x64.Build.0 = Debug|Any CPU
		{065222BD-8FF5-48CB-A9D9-7F2D41033D5A}.Debug|x86.ActiveCfg = Debug|Any CPU
		{065222BD-8FF5-48CB-A9D9-7F2D41033D5A}.Debug|x86.Build.0 = Debug|Any CPU
		{065222BD-8FF5-48CB-A9D9-7F2D41033D5A}.Release|Any CPU.ActiveCfg = Release|Any CPU
		{065222BD-8FF5-48CB-A9D9-7F2D41033D5A}.Release|Any CPU.Build.0 = Release|Any CPU
		{065222BD-8FF5-48CB-A9D9-7F2D41033D5A}.Release|x64.ActiveCfg = Release|Any CPU
		{065222BD-8FF5-48CB-A9D9-7F2D41033D5A}.Release|x64.Build.0 = Release|Any CPU
		{065222BD-8FF5-48CB-A9D9-7F2D41033D5A}.Release|x86.ActiveCfg = Release|Any CPU
		{065222BD-8FF5-48CB-A9D9-7F2D41033D5A}.Release|x86.Build.0 = Release|Any CPU
		{72671D96-E24F-41F0-9FAA-DC9A94274916}.Debug|Any CPU.ActiveCfg = Debug|Any CPU
		{72671D96-E24F-41F0-9FAA-DC9A94274916}.Debug|Any CPU.Build.0 = Debug|Any CPU
		{72671D96-E24F-41F0-9FAA-DC9A94274916}.Debug|x64.ActiveCfg = Debug|Any CPU
		{72671D96-E24F-41F0-9FAA-DC9A94274916}.Debug|x64.Build.0 = Debug|Any CPU
		{72671D96-E24F-41F0-9FAA-DC9A94274916}.Debug|x86.ActiveCfg = Debug|Any CPU
		{72671D96-E24F-41F0-9FAA-DC9A94274916}.Debug|x86.Build.0 = Debug|Any CPU
		{72671D96-E24F-41F0-9FAA-DC9A94274916}.Release|Any CPU.ActiveCfg = Release|Any CPU
		{72671D96-E24F-41F0-9FAA-DC9A94274916}.Release|Any CPU.Build.0 = Release|Any CPU
		{72671D96-E24F-41F0-9FAA-DC9A94274916}.Release|x64.ActiveCfg = Release|Any CPU
		{72671D96-E24F-41F0-9FAA-DC9A94274916}.Release|x64.Build.0 = Release|Any CPU
		{72671D96-E24F-41F0-9FAA-DC9A94274916}.Release|x86.ActiveCfg = Release|Any CPU
		{72671D96-E24F-41F0-9FAA-DC9A94274916}.Release|x86.Build.0 = Release|Any CPU
		{379AF605-E5A2-4456-9E25-597594C6709E}.Debug|Any CPU.ActiveCfg = Debug|Any CPU
		{379AF605-E5A2-4456-9E25-597594C6709E}.Debug|Any CPU.Build.0 = Debug|Any CPU
		{379AF605-E5A2-4456-9E25-597594C6709E}.Debug|x64.ActiveCfg = Debug|Any CPU
		{379AF605-E5A2-4456-9E25-597594C6709E}.Debug|x64.Build.0 = Debug|Any CPU
		{379AF605-E5A2-4456-9E25-597594C6709E}.Debug|x86.ActiveCfg = Debug|Any CPU
		{379AF605-E5A2-4456-9E25-597594C6709E}.Debug|x86.Build.0 = Debug|Any CPU
		{379AF605-E5A2-4456-9E25-597594C6709E}.Release|Any CPU.ActiveCfg = Release|Any CPU
		{379AF605-E5A2-4456-9E25-597594C6709E}.Release|Any CPU.Build.0 = Release|Any CPU
		{379AF605-E5A2-4456-9E25-597594C6709E}.Release|x64.ActiveCfg = Release|Any CPU
		{379AF605-E5A2-4456-9E25-597594C6709E}.Release|x64.Build.0 = Release|Any CPU
		{379AF605-E5A2-4456-9E25-597594C6709E}.Release|x86.ActiveCfg = Release|Any CPU
		{379AF605-E5A2-4456-9E25-597594C6709E}.Release|x86.Build.0 = Release|Any CPU
		{8F243C36-2E0C-4BE3-9F8B-510E39499304}.Debug|Any CPU.ActiveCfg = Debug|Any CPU
		{8F243C36-2E0C-4BE3-9F8B-510E39499304}.Debug|Any CPU.Build.0 = Debug|Any CPU
		{8F243C36-2E0C-4BE3-9F8B-510E39499304}.Debug|x64.ActiveCfg = Debug|Any CPU
		{8F243C36-2E0C-4BE3-9F8B-510E39499304}.Debug|x64.Build.0 = Debug|Any CPU
		{8F243C36-2E0C-4BE3-9F8B-510E39499304}.Debug|x86.ActiveCfg = Debug|Any CPU
		{8F243C36-2E0C-4BE3-9F8B-510E39499304}.Debug|x86.Build.0 = Debug|Any CPU
		{8F243C36-2E0C-4BE3-9F8B-510E39499304}.Release|Any CPU.ActiveCfg = Release|Any CPU
		{8F243C36-2E0C-4BE3-9F8B-510E39499304}.Release|Any CPU.Build.0 = Release|Any CPU
		{8F243C36-2E0C-4BE3-9F8B-510E39499304}.Release|x64.ActiveCfg = Release|Any CPU
		{8F243C36-2E0C-4BE3-9F8B-510E39499304}.Release|x64.Build.0 = Release|Any CPU
		{8F243C36-2E0C-4BE3-9F8B-510E39499304}.Release|x86.ActiveCfg = Release|Any CPU
		{8F243C36-2E0C-4BE3-9F8B-510E39499304}.Release|x86.Build.0 = Release|Any CPU
		{D4D26390-A45C-417B-B31D-9EDF0980FD60}.Debug|Any CPU.ActiveCfg = Debug|Any CPU
		{D4D26390-A45C-417B-B31D-9EDF0980FD60}.Debug|Any CPU.Build.0 = Debug|Any CPU
		{D4D26390-A45C-417B-B31D-9EDF0980FD60}.Debug|x64.ActiveCfg = Debug|Any CPU
		{D4D26390-A45C-417B-B31D-9EDF0980FD60}.Debug|x64.Build.0 = Debug|Any CPU
		{D4D26390-A45C-417B-B31D-9EDF0980FD60}.Debug|x86.ActiveCfg = Debug|Any CPU
		{D4D26390-A45C-417B-B31D-9EDF0980FD60}.Debug|x86.Build.0 = Debug|Any CPU
		{D4D26390-A45C-417B-B31D-9EDF0980FD60}.Release|Any CPU.ActiveCfg = Release|Any CPU
		{D4D26390-A45C-417B-B31D-9EDF0980FD60}.Release|Any CPU.Build.0 = Release|Any CPU
		{D4D26390-A45C-417B-B31D-9EDF0980FD60}.Release|x64.ActiveCfg = Release|Any CPU
		{D4D26390-A45C-417B-B31D-9EDF0980FD60}.Release|x64.Build.0 = Release|Any CPU
		{D4D26390-A45C-417B-B31D-9EDF0980FD60}.Release|x86.ActiveCfg = Release|Any CPU
		{D4D26390-A45C-417B-B31D-9EDF0980FD60}.Release|x86.Build.0 = Release|Any CPU
		{91C7E6B4-3F21-4B7E-9A8D-1F5C6E7F8A90}.Debug|Any CPU.ActiveCfg = Debug|Any CPU
		{91C7E6B4-3F21-4B7E-9A8D-1F5C6E7F8A90}.Debug|Any CPU.Build.0 = Debug|Any CPU
		{91C7E6B4-3F21-4B7E-9A8D-1F5C6E7F8A90}.Debug|x64.ActiveCfg = Debug|Any CPU
		{91C7E6B4-3F21-4B7E-9A8D-1F5C6E7F8A90}.Debug|x64.Build.0 = Debug|Any CPU
		{91C7E6B4-3F21-4B7E-9A8D-1F5C6E7F8A90}.Debug|x86.ActiveCfg = Debug|Any CPU
		{91C7E6B4-3F21-4B7E-9A8D-1F5C6E7F8A90}.Debug|x86.Build.0 = Debug|Any CPU
		{91C7E6B4-3F21-4B7E-9A8D-1F5C6E7F8A90}.Release|Any CPU.ActiveCfg = Release|Any CPU
		{91C7E6B4-3F21-4B7E-9A8D-1F5C6E7F8A90}.Release|Any CPU.Build.0 = Release|Any CPU
		{91C7E6B4-3F21-4B7E-9A8D-1F5C6E7F8A90}.Release|x64.ActiveCfg = Release|Any CPU
		{91C7E6B4-3F21-4B7E-9A8D-1F5C6E7F8A90}.Release|x64.Build.0 = Release|Any CPU
		{91C7E6B4-3F21-4B7E-9A8D-1F5C6E7F8A90}.Release|x86.ActiveCfg = Release|Any CPU
		{91C7E6B4-3F21-4B7E-9A8D-1F5C6E7F8A90}.Release|x86.Build.0 = Release|Any CPU
		{A2D8F7C5-4032-4C8F-AB9E-2A6D7F8E9B01}.Debug|Any CPU.ActiveCfg = Debug|Any CPU
		{A2D8F7C5-4032-4C8F-AB9E-2A6D7F8E9B01}.Debug|Any CPU.Build.0 = Debug|Any CPU
		{A2D8F7C5-4032-4C8F-AB9E-2A6D7F8E9B01}.Debug|x64.ActiveCfg = Debug|Any CPU
		{A2D8F7C5-4032-4C8F-AB9E-2A6D7F8E9B01}.Debug|x64.Build.0 = Debug|Any CPU
		{A2D8F7C5-4032-4C8F-AB9E-2A6D7F8E9B01}.Debug|x86.ActiveCfg = Debug|Any CPU
		{A2D8F7C5-4032-4C8F-AB9E-2A6D7F8E9B01}.Debug|x86.Build.0 = Debug|Any CPU
		{A2D8F7C5-4032-4C8F-AB9E-2A6D7F8E9B01}.Release|Any CPU.ActiveCfg = Release|Any CPU
		{A2D8F7C5-4032-4C8F-AB9E-2A6D7F8E9B01}.Release|Any CPU.Build.0 = Release|Any CPU
		{A2D8F7C5-4032-4C8F-AB9E-2A6D7F8E9B01}.Release|x64.ActiveCfg = Release|Any CPU
		{A2D8F7C5-4032-4C8F-AB9E-2A6D7F8E9B01}.Release|x64.Build.0 = Release|Any CPU
		{A2D8F7C5-4032-4C8F-AB9E-2A6D7F8E9B01}.Release|x86.ActiveCfg = Release|Any CPU
		{A2D8F7C5-4032-4C8F-AB9E-2A6D7F8E9B01}.Release|x86.Build.0 = Release|Any CPU
		{5D4FB112-E160-4438-A8AC-72E97507C28D}.Debug|Any CPU.ActiveCfg = Debug|Any CPU
		{5D4FB112-E160-4438-A8AC-72E97507C28D}.Debug|Any CPU.Build.0 = Debug|Any CPU
		{5D4FB112-E160-4438-A8AC-72E97507C28D}.Debug|x64.ActiveCfg = Debug|Any CPU
		{5D4FB112-E160-4438-A8AC-72E97507C28D}.Debug|x64.Build.0 = Debug|Any CPU
		{5D4FB112-E160-4438-A8AC-72E97507C28D}.Debug|x86.ActiveCfg = Debug|Any CPU
		{5D4FB112-E160-4438-A8AC-72E97507C28D}.Debug|x86.Build.0 = Debug|Any CPU
		{5D4FB112-E160-4438-A8AC-72E97507C28D}.Release|Any CPU.ActiveCfg = Release|Any CPU
		{5D4FB112-E160-4438-A8AC-72E97507C28D}.Release|Any CPU.Build.0 = Release|Any CPU
		{5D4FB112-E160-4438-A8AC-72E97507C28D}.Release|x64.ActiveCfg = Release|Any CPU
		{5D4FB112-E160-4438-A8AC-72E97507C28D}.Release|x64.Build.0 = Release|Any CPU
		{5D4FB112-E160-4438-A8AC-72E97507C28D}.Release|x86.ActiveCfg = Release|Any CPU
		{5D4FB112-E160-4438-A8AC-72E97507C28D}.Release|x86.Build.0 = Release|Any CPU
		{D9C1BF93-09E3-4378-8261-1957E9909A47}.Debug|Any CPU.ActiveCfg = Debug|Any CPU
		{D9C1BF93-09E3-4378-8261-1957E9909A47}.Debug|Any CPU.Build.0 = Debug|Any CPU
		{D9C1BF93-09E3-4378-8261-1957E9909A47}.Debug|x64.ActiveCfg = Debug|Any CPU
		{D9C1BF93-09E3-4378-8261-1957E9909A47}.Debug|x64.Build.0 = Debug|Any CPU
		{D9C1BF93-09E3-4378-8261-1957E9909A47}.Debug|x86.ActiveCfg = Debug|Any CPU
		{D9C1BF93-09E3-4378-8261-1957E9909A47}.Debug|x86.Build.0 = Debug|Any CPU
		{D9C1BF93-09E3-4378-8261-1957E9909A47}.Release|Any CPU.ActiveCfg = Release|Any CPU
		{D9C1BF93-09E3-4378-8261-1957E9909A47}.Release|Any CPU.Build.0 = Release|Any CPU
		{D9C1BF93-09E3-4378-8261-1957E9909A47}.Release|x64.ActiveCfg = Release|Any CPU
		{D9C1BF93-09E3-4378-8261-1957E9909A47}.Release|x64.Build.0 = Release|Any CPU
		{D9C1BF93-09E3-4378-8261-1957E9909A47}.Release|x86.ActiveCfg = Release|Any CPU
		{D9C1BF93-09E3-4378-8261-1957E9909A47}.Release|x86.Build.0 = Release|Any CPU
		{3C332096-6B53-4DB1-A8D0-67B71D3EB2A8}.Debug|Any CPU.ActiveCfg = Debug|Any CPU
		{3C332096-6B53-4DB1-A8D0-67B71D3EB2A8}.Debug|Any CPU.Build.0 = Debug|Any CPU
		{3C332096-6B53-4DB1-A8D0-67B71D3EB2A8}.Debug|x64.ActiveCfg = Debug|Any CPU
		{3C332096-6B53-4DB1-A8D0-67B71D3EB2A8}.Debug|x64.Build.0 = Debug|Any CPU
		{3C332096-6B53-4DB1-A8D0-67B71D3EB2A8}.Debug|x86.ActiveCfg = Debug|Any CPU
		{3C332096-6B53-4DB1-A8D0-67B71D3EB2A8}.Debug|x86.Build.0 = Debug|Any CPU
		{3C332096-6B53-4DB1-A8D0-67B71D3EB2A8}.Release|Any CPU.ActiveCfg = Release|Any CPU
		{3C332096-6B53-4DB1-A8D0-67B71D3EB2A8}.Release|Any CPU.Build.0 = Release|Any CPU
		{3C332096-6B53-4DB1-A8D0-67B71D3EB2A8}.Release|x64.ActiveCfg = Release|Any CPU
		{3C332096-6B53-4DB1-A8D0-67B71D3EB2A8}.Release|x64.Build.0 = Release|Any CPU
		{3C332096-6B53-4DB1-A8D0-67B71D3EB2A8}.Release|x86.ActiveCfg = Release|Any CPU
		{3C332096-6B53-4DB1-A8D0-67B71D3EB2A8}.Release|x86.Build.0 = Release|Any CPU
		{BCD6BBE3-F0B1-4BF8-9977-0A110410565A}.Debug|Any CPU.ActiveCfg = Debug|Any CPU
		{BCD6BBE3-F0B1-4BF8-9977-0A110410565A}.Debug|Any CPU.Build.0 = Debug|Any CPU
		{BCD6BBE3-F0B1-4BF8-9977-0A110410565A}.Debug|x64.ActiveCfg = Debug|Any CPU
		{BCD6BBE3-F0B1-4BF8-9977-0A110410565A}.Debug|x64.Build.0 = Debug|Any CPU
		{BCD6BBE3-F0B1-4BF8-9977-0A110410565A}.Debug|x86.ActiveCfg = Debug|Any CPU
		{BCD6BBE3-F0B1-4BF8-9977-0A110410565A}.Debug|x86.Build.0 = Debug|Any CPU
		{BCD6BBE3-F0B1-4BF8-9977-0A110410565A}.Release|Any CPU.ActiveCfg = Release|Any CPU
		{BCD6BBE3-F0B1-4BF8-9977-0A110410565A}.Release|Any CPU.Build.0 = Release|Any CPU
		{BCD6BBE3-F0B1-4BF8-9977-0A110410565A}.Release|x64.ActiveCfg = Release|Any CPU
		{BCD6BBE3-F0B1-4BF8-9977-0A110410565A}.Release|x64.Build.0 = Release|Any CPU
		{BCD6BBE3-F0B1-4BF8-9977-0A110410565A}.Release|x86.ActiveCfg = Release|Any CPU
		{BCD6BBE3-F0B1-4BF8-9977-0A110410565A}.Release|x86.Build.0 = Release|Any CPU
		{44E235D0-69FB-47A1-814A-A918433821DD}.Debug|Any CPU.ActiveCfg = Debug|Any CPU
		{44E235D0-69FB-47A1-814A-A918433821DD}.Debug|Any CPU.Build.0 = Debug|Any CPU
		{44E235D0-69FB-47A1-814A-A918433821DD}.Debug|x64.ActiveCfg = Debug|Any CPU
		{44E235D0-69FB-47A1-814A-A918433821DD}.Debug|x64.Build.0 = Debug|Any CPU
		{44E235D0-69FB-47A1-814A-A918433821DD}.Debug|x86.ActiveCfg = Debug|Any CPU
		{44E235D0-69FB-47A1-814A-A918433821DD}.Debug|x86.Build.0 = Debug|Any CPU
		{44E235D0-69FB-47A1-814A-A918433821DD}.Release|Any CPU.ActiveCfg = Release|Any CPU
		{44E235D0-69FB-47A1-814A-A918433821DD}.Release|Any CPU.Build.0 = Release|Any CPU
		{44E235D0-69FB-47A1-814A-A918433821DD}.Release|x64.ActiveCfg = Release|Any CPU
		{44E235D0-69FB-47A1-814A-A918433821DD}.Release|x64.Build.0 = Release|Any CPU
		{44E235D0-69FB-47A1-814A-A918433821DD}.Release|x86.ActiveCfg = Release|Any CPU
		{44E235D0-69FB-47A1-814A-A918433821DD}.Release|x86.Build.0 = Release|Any CPU
		{B46D311D-0C0D-4996-BDCA-565FAB0348B6}.Debug|Any CPU.ActiveCfg = Debug|Any CPU
		{B46D311D-0C0D-4996-BDCA-565FAB0348B6}.Debug|Any CPU.Build.0 = Debug|Any CPU
		{B46D311D-0C0D-4996-BDCA-565FAB0348B6}.Debug|x64.ActiveCfg = Debug|Any CPU
		{B46D311D-0C0D-4996-BDCA-565FAB0348B6}.Debug|x64.Build.0 = Debug|Any CPU
		{B46D311D-0C0D-4996-BDCA-565FAB0348B6}.Debug|x86.ActiveCfg = Debug|Any CPU
		{B46D311D-0C0D-4996-BDCA-565FAB0348B6}.Debug|x86.Build.0 = Debug|Any CPU
		{B46D311D-0C0D-4996-BDCA-565FAB0348B6}.Release|Any CPU.ActiveCfg = Release|Any CPU
		{B46D311D-0C0D-4996-BDCA-565FAB0348B6}.Release|Any CPU.Build.0 = Release|Any CPU
		{B46D311D-0C0D-4996-BDCA-565FAB0348B6}.Release|x64.ActiveCfg = Release|Any CPU
		{B46D311D-0C0D-4996-BDCA-565FAB0348B6}.Release|x64.Build.0 = Release|Any CPU
		{B46D311D-0C0D-4996-BDCA-565FAB0348B6}.Release|x86.ActiveCfg = Release|Any CPU
		{B46D311D-0C0D-4996-BDCA-565FAB0348B6}.Release|x86.Build.0 = Release|Any CPU
	EndGlobalSection
	GlobalSection(SolutionProperties) = preSolution
		HideSolutionNode = FALSE
	EndGlobalSection
	GlobalSection(NestedProjects) = preSolution
		{2E1B51D0-E2A0-48FC-B43D-15ACEF13FD92} = {827E0CD3-B72D-47B6-A68D-7590B98EB39B}
		{DFED1C9E-E1B2-4B57-8893-E7ED1E5E1876} = {827E0CD3-B72D-47B6-A68D-7590B98EB39B}
		{E43CD7C6-1B6F-4F4D-883E-CC87156A65D2} = {827E0CD3-B72D-47B6-A68D-7590B98EB39B}
		{1D060590-1249-483A-B9FA-19743A386573} = {827E0CD3-B72D-47B6-A68D-7590B98EB39B}
		{24466FCB-1FB7-47AE-B2D8-FA4E98DE740A} = {827E0CD3-B72D-47B6-A68D-7590B98EB39B}
		{5C1761E1-7279-4410-8DA6-C638AEDC66FA} = {827E0CD3-B72D-47B6-A68D-7590B98EB39B}
		{64E34269-E9FF-467E-AB4F-D15217F74173} = {5D20AA90-6969-D8BD-9DCD-8634F4692FDA}
		{CB9D8B64-3610-43CD-B770-0E67CA546665} = {5D20AA90-6969-D8BD-9DCD-8634F4692FDA}
		{BA35C714-490D-4D26-AA6F-7062E531AFD4} = {5D20AA90-6969-D8BD-9DCD-8634F4692FDA}
		{C7AF259F-2372-49D8-8449-66056C53CF0C} = {827E0CD3-B72D-47B6-A68D-7590B98EB39B}
		{A8F99B12-1072-4008-BA4E-EB136A48CA5A} = {0AB3BF05-4346-4AA6-1389-037BE0695223}
		{AE6A3642-468A-422E-AEFB-8DA6DF2DE1E3} = {5D20AA90-6969-D8BD-9DCD-8634F4692FDA}
		{A1B2C3D4-E5F6-7890-ABCD-EF1234567890} = {827E0CD3-B72D-47B6-A68D-7590B98EB39B}
		{B2C3D4E5-F6A7-8901-BCDE-F12345678901} = {827E0CD3-B72D-47B6-A68D-7590B98EB39B}
		{C3D4E5F6-A7B8-9012-CDEF-123456789012} = {0AB3BF05-4346-4AA6-1389-037BE0695223}
		{D4E5F6A7-B8C9-0123-DEF0-234567890123} = {0AB3BF05-4346-4AA6-1389-037BE0695223}
		{E5F6A7B8-C9D0-1234-EF01-345678901234} = {F6A7B8C9-D0E1-2345-F012-456789012345}
		{065222BD-8FF5-48CB-A9D9-7F2D41033D5A} = {5D20AA90-6969-D8BD-9DCD-8634F4692FDA}
		{72671D96-E24F-41F0-9FAA-DC9A94274916} = {66320409-64EC-F7C5-3DEF-65E7510DAAD1}
		{379AF605-E5A2-4456-9E25-597594C6709E} = {5D20AA90-6969-D8BD-9DCD-8634F4692FDA}
		{8F243C36-2E0C-4BE3-9F8B-510E39499304} = {827E0CD3-B72D-47B6-A68D-7590B98EB39B}
		{D4D26390-A45C-417B-B31D-9EDF0980FD60} = {0AB3BF05-4346-4AA6-1389-037BE0695223}
		{91C7E6B4-3F21-4B7E-9A8D-1F5C6E7F8A90} = {827E0CD3-B72D-47B6-A68D-7590B98EB39B}
		{A2D8F7C5-4032-4C8F-AB9E-2A6D7F8E9B01} = {0AB3BF05-4346-4AA6-1389-037BE0695223}
		{5D4FB112-E160-4438-A8AC-72E97507C28D} = {827E0CD3-B72D-47B6-A68D-7590B98EB39B}
		{D9C1BF93-09E3-4378-8261-1957E9909A47} = {0AB3BF05-4346-4AA6-1389-037BE0695223}
		{3C332096-6B53-4DB1-A8D0-67B71D3EB2A8} = {5D20AA90-6969-D8BD-9DCD-8634F4692FDA}
		{BCD6BBE3-F0B1-4BF8-9977-0A110410565A} = {827E0CD3-B72D-47B6-A68D-7590B98EB39B}
		{44E235D0-69FB-47A1-814A-A918433821DD} = {5D20AA90-6969-D8BD-9DCD-8634F4692FDA}
		{B46D311D-0C0D-4996-BDCA-565FAB0348B6} = {0AB3BF05-4346-4AA6-1389-037BE0695223}
	EndGlobalSection
EndGlobal
