
Microsoft Visual Studio Solution File, Format Version 12.00
# Visual Studio Version 17
VisualStudioVersion = 17.0.31903.59
MinimumVisualStudioVersion = 10.0.40219.1
Project("{2150E333-8FDC-42A3-9474-1A3956D46DE8}") = "src", "src", "{827E0CD3-B72D-47B6-A68D-7590B98EB39B}"
EndProject
Project("{FAE04EC0-301F-11D3-BF4B-00C04F79EFBC}") = "Elsie", "src\Elsie\Elsie.csproj", "{2E1B51D0-E2A0-48FC-B43D-15ACEF13FD92}"
EndProject
Project("{FAE04EC0-301F-11D3-BF4B-00C04F79EFBC}") = "Elsie.AspNetCore", "src\Elsie.AspNetCore\Elsie.AspNetCore.csproj", "{DFED1C9E-E1B2-4B57-8893-E7ED1E5E1876}"
EndProject
Project("{FAE04EC0-301F-11D3-BF4B-00C04F79EFBC}") = "Elsie.Testing", "src\Elsie.Testing\Elsie.Testing.csproj", "{E43CD7C6-1B6F-4F4D-883E-CC87156A65D2}"
EndProject
Project("{FAE04EC0-301F-11D3-BF4B-00C04F79EFBC}") = "Elsie.Tests", "tests\Elsie.Tests\Elsie.Tests.csproj", "{1D060590-1249-483A-B9FA-19743A386573}"
EndProject
Project("{FAE04EC0-301F-11D3-BF4B-00C04F79EFBC}") = "Elsie.AspNetCore.Tests", "tests\Elsie.AspNetCore.Tests\Elsie.AspNetCore.Tests.csproj", "{24466FCB-1FB7-47AE-B2D8-FA4E98DE740A}"
EndProject
Project("{FAE04EC0-301F-11D3-BF4B-00C04F79EFBC}") = "Elsie.Testing.Tests", "tests\Elsie.Testing.Tests\Elsie.Testing.Tests.csproj", "{5C1761E1-7279-4410-8DA6-C638AEDC66FA}"
EndProject
Project("{FAE04EC0-301F-11D3-BF4B-00C04F79EFBC}") = "Elsie.Sample.Hello", "samples\Elsie.Sample.Hello\Elsie.Sample.Hello.csproj", "{BAB61BD7-AC36-4CAC-9139-5BD16EA9ADD8}"
EndProject
Project("{2150E333-8FDC-42A3-9474-1A3956D46DE8}") = "samples", "samples", "{5D20AA90-6969-D8BD-9DCD-8634F4692FDA}"
EndProject
Project("{FAE04EC0-301F-11D3-BF4B-00C04F79EFBC}") = "Elsie.Sample.Api", "samples\Elsie.Sample.Api\Elsie.Sample.Api.csproj", "{64E34269-E9FF-467E-AB4F-D15217F74173}"
EndProject
Global
	GlobalSection(SolutionConfigurationPlatforms) = preSolution
		Debug|Any CPU = Debug|Any CPU
		Debug|x64 = Debug|x64
		Debug|x86 = Debug|x86
		Release|Any CPU = Release|Any CPU
		Release|x64 = Release|x64
		Release|x86 = Release|x86
	EndGlobalSection
	GlobalSection(ProjectConfigurationPlatforms) = postSolution
		{2E1B51D0-E2A0-48FC-B43D-15ACEF13FD92}.Debug|Any CPU.ActiveCfg = Debug|Any CPU
		{2E1B51D0-E2A0-48FC-B43D-15ACEF13FD92}.Debug|Any CPU.Build.0 = Debug|Any CPU
		{2E1B51D0-E2A0-48FC-B43D-15ACEF13FD92}.Debug|x64.ActiveCfg = Debug|Any CPU
		{2E1B51D0-E2A0-48FC-B43D-15ACEF13FD92}.Debug|x64.Build.0 = Debug|Any CPU
		{2E1B51D0-E2A0-48FC-B43D-15ACEF13FD92}.Debug|x86.ActiveCfg = Debug|Any CPU
		{2E1B51D0-E2A0-48FC-B43D-15ACEF13FD92}.Debug|x86.Build.0 = Debug|Any CPU
		{2E1B51D0-E2A0-48FC-B43D-15ACEF13FD92}.Release|Any CPU.ActiveCfg = Release|Any CPU
		{2E1B51D0-E2A0-48FC-B43D-15ACEF13FD92}.Release|Any CPU.Build.0 = Release|Any CPU
		{2E1B51D0-E2A0-48FC-B43D-15ACEF13FD92}.Release|x64.ActiveCfg = Release|Any CPU
		{2E1B51D0-E2A0-48FC-B43D-15ACEF13FD92}.Release|x64.Build.0 = Release|Any CPU
		{2E1B51D0-E2A0-48FC-B43D-15ACEF13FD92}.Release|x86.ActiveCfg = Release|Any CPU
		{2E1B51D0-E2A0-48FC-B43D-15ACEF13FD92}.Release|x86.Build.0 = Release|Any CPU
		{DFED1C9E-E1B2-4B57-8893-E7ED1E5E1876}.Debug|Any CPU.ActiveCfg = Debug|Any CPU
		{DFED1C9E-E1B2-4B57-8893-E7ED1E5E1876}.Debug|Any CPU.Build.0 = Debug|Any CPU
		{DFED1C9E-E1B2-4B57-8893-E7ED1E5E1876}.Debug|x64.ActiveCfg = Debug|Any CPU
		{DFED1C9E-E1B2-4B57-8893-E7ED1E5E1876}.Debug|x64.Build.0 = Debug|Any CPU
		{DFED1C9E-E1B2-4B57-8893-E7ED1E5E1876}.Debug|x86.ActiveCfg = Debug|Any CPU
		{DFED1C9E-E1B2-4B57-8893-E7ED1E5E1876}.Debug|x86.Build.0 = Debug|Any CPU
		{DFED1C9E-E1B2-4B57-8893-E7ED1E5E1876}.Release|Any CPU.ActiveCfg = Release|Any CPU
		{DFED1C9E-E1B2-4B57-8893-E7ED1E5E1876}.Release|Any CPU.Build.0 = Release|Any CPU
		{DFED1C9E-E1B2-4B57-8893-E7ED1E5E1876}.Release|x64.ActiveCfg = Release|Any CPU
		{DFED1C9E-E1B2-4B57-8893-E7ED1E5E1876}.Release|x64.Build.0 = Release|Any CPU
		{DFED1C9E-E1B2-4B57-8893-E7ED1E5E1876}.Release|x86.ActiveCfg = Release|Any CPU
		{DFED1C9E-E1B2-4B57-8893-E7ED1E5E1876}.Release|x86.Build.0 = Release|Any CPU
		{E43CD7C6-1B6F-4F4D-883E-CC87156A65D2}.Debug|Any CPU.ActiveCfg = Debug|Any CPU
		{E43CD7C6-1B6F-4F4D-883E-CC87156A65D2}.Debug|Any CPU.Build.0 = Debug|Any CPU
		{E43CD7C6-1B6F-4F4D-883E-CC87156A65D2}.Debug|x64.ActiveCfg = Debug|Any CPU
		{E43CD7C6-1B6F-4F4D-883E-CC87156A65D2}.Debug|x64.Build.0 = Debug|Any CPU
		{E43CD7C6-1B6F-4F4D-883E-CC87156A65D2}.Debug|x86.ActiveCfg = Debug|Any CPU
		{E43CD7C6-1B6F-4F4D-883E-CC87156A65D2}.Debug|x86.Build.0 = Debug|Any CPU
		{E43CD7C6-1B6F-4F4D-883E-CC87156A65D2}.Release|Any CPU.ActiveCfg = Release|Any CPU
		{E43CD7C6-1B6F-4F4D-883E-CC87156A65D2}.Release|Any CPU.Build.0 = Release|Any CPU
		{E43CD7C6-1B6F-4F4D-883E-CC87156A65D2}.Release|x64.ActiveCfg = Release|Any CPU
		{E43CD7C6-1B6F-4F4D-883E-CC87156A65D2}.Release|x64.Build.0 = Release|Any CPU
		{E43CD7C6-1B6F-4F4D-883E-CC87156A65D2}.Release|x86.ActiveCfg = Release|Any CPU
		{E43CD7C6-1B6F-4F4D-883E-CC87156A65D2}.Release|x86.Build.0 = Release|Any CPU
		{1D060590-1249-483A-B9FA-19743A386573}.Debug|Any CPU.ActiveCfg = Debug|Any CPU
		{1D060590-1249-483A-B9FA-19743A386573}.Debug|Any CPU.Build.0 = Debug|Any CPU
		{1D060590-1249-483A-B9FA-19743A386573}.Debug|x64.ActiveCfg = Debug|Any CPU
		{1D060590-1249-483A-B9FA-19743A386573}.Debug|x64.Build.0 = Debug|Any CPU
		{1D060590-1249-483A-B9FA-19743A386573}.Debug|x86.ActiveCfg = Debug|Any CPU
		{1D060590-1249-483A-B9FA-19743A386573}.Debug|x86.Build.0 = Debug|Any CPU
		{1D060590-1249-483A-B9FA-19743A386573}.Release|Any CPU.ActiveCfg = Release|Any CPU
		{1D060590-1249-483A-B9FA-19743A386573}.Release|Any CPU.Build.0 = Release|Any CPU
		{1D060590-1249-483A-B9FA-19743A386573}.Release|x64.ActiveCfg = Release|Any CPU
		{1D060590-1249-483A-B9FA-19743A386573}.Release|x64.Build.0 = Release|Any CPU
		{1D060590-1249-483A-B9FA-19743A386573}.Release|x86.ActiveCfg = Release|Any CPU
		{1D060590-1249-483A-B9FA-19743A386573}.Release|x86.Build.0 = Release|Any CPU
		{24466FCB-1FB7-47AE-B2D8-FA4E98DE740A}.Debug|Any CPU.ActiveCfg = Debug|Any CPU
		{24466FCB-1FB7-47AE-B2D8-FA4E98DE740A}.Debug|Any CPU.Build.0 = Debug|Any CPU
		{24466FCB-1FB7-47AE-B2D8-FA4E98DE740A}.Debug|x64.ActiveCfg = Debug|Any CPU
		{24466FCB-1FB7-47AE-B2D8-FA4E98DE740A}.Debug|x64.Build.0 = Debug|Any CPU
		{24466FCB-1FB7-47AE-B2D8-FA4E98DE740A}.Debug|x86.ActiveCfg = Debug|Any CPU
		{24466FCB-1FB7-47AE-B2D8-FA4E98DE740A}.Debug|x86.Build.0 = Debug|Any CPU
		{24466FCB-1FB7-47AE-B2D8-FA4E98DE740A}.Release|Any CPU.ActiveCfg = Release|Any CPU
		{24466FCB-1FB7-47AE-B2D8-FA4E98DE740A}.Release|Any CPU.Build.0 = Release|Any CPU
		{24466FCB-1FB7-47AE-B2D8-FA4E98DE740A}.Release|x64.ActiveCfg = Release|Any CPU
		{24466FCB-1FB7-47AE-B2D8-FA4E98DE740A}.Release|x64.Build.0 = Release|Any CPU
		{24466FCB-1FB7-47AE-B2D8-FA4E98DE740A}.Release|x86.ActiveCfg = Release|Any CPU
		{24466FCB-1FB7-47AE-B2D8-FA4E98DE740A}.Release|x86.Build.0 = Release|Any CPU
		{5C1761E1-7279-4410-8DA6-C638AEDC66FA}.Debug|Any CPU.ActiveCfg = Debug|Any CPU
		{5C1761E1-7279-4410-8DA6-C638AEDC66FA}.Debug|Any CPU.Build.0 = Debug|Any CPU
		{5C1761E1-7279-4410-8DA6-C638AEDC66FA}.Debug|x64.ActiveCfg = Debug|Any CPU
		{5C1761E1-7279-4410-8DA6-C638AEDC66FA}.Debug|x64.Build.0 = Debug|Any CPU
		{5C1761E1-7279-4410-8DA6-C638AEDC66FA}.Debug|x86.ActiveCfg = Debug|Any CPU
		{5C1761E1-7279-4410-8DA6-C638AEDC66FA}.Debug|x86.Build.0 = Debug|Any CPU
		{5C1761E1-7279-4410-8DA6-C638AEDC66FA}.Release|Any CPU.ActiveCfg = Release|Any CPU
		{5C1761E1-7279-4410-8DA6-C638AEDC66FA}.Release|Any CPU.Build.0 = Release|Any CPU
		{5C1761E1-7279-4410-8DA6-C638AEDC66FA}.Release|x64.ActiveCfg = Release|Any CPU
		{5C1761E1-7279-4410-8DA6-C638AEDC66FA}.Release|x64.Build.0 = Release|Any CPU
		{5C1761E1-7279-4410-8DA6-C638AEDC66FA}.Release|x86.ActiveCfg = Release|Any CPU
		{5C1761E1-7279-4410-8DA6-C638AEDC66FA}.Release|x86.Build.0 = Release|Any CPU
		{BAB61BD7-AC36-4CAC-9139-5BD16EA9ADD8}.Debug|Any CPU.ActiveCfg = Debug|Any CPU
		{BAB61BD7-AC36-4CAC-9139-5BD16EA9ADD8}.Debug|Any CPU.Build.0 = Debug|Any CPU
		{BAB61BD7-AC36-4CAC-9139-5BD16EA9ADD8}.Debug|x64.ActiveCfg = Debug|Any CPU
		{BAB61BD7-AC36-4CAC-9139-5BD16EA9ADD8}.Debug|x64.Build.0 = Debug|Any CPU
		{BAB61BD7-AC36-4CAC-9139-5BD16EA9ADD8}.Debug|x86.ActiveCfg = Debug|Any CPU
		{BAB61BD7-AC36-4CAC-9139-5BD16EA9ADD8}.Debug|x86.Build.0 = Debug|Any CPU
		{BAB61BD7-AC36-4CAC-9139-5BD16EA9ADD8}.Release|Any CPU.ActiveCfg = Release|Any CPU
		{BAB61BD7-AC36-4CAC-9139-5BD16EA9ADD8}.Release|Any CPU.Build.0 = Release|Any CPU
		{BAB61BD7-AC36-4CAC-9139-5BD16EA9ADD8}.Release|x64.ActiveCfg = Release|Any CPU
		{BAB61BD7-AC36-4CAC-9139-5BD16EA9ADD8}.Release|x64.Build.0 = Release|Any CPU
		{BAB61BD7-AC36-4CAC-9139-5BD16EA9ADD8}.Release|x86.ActiveCfg = Release|Any CPU
		{BAB61BD7-AC36-4CAC-9139-5BD16EA9ADD8}.Release|x86.Build.0 = Release|Any CPU
		{64E34269-E9FF-467E-AB4F-D15217F74173}.Debug|Any CPU.ActiveCfg = Debug|Any CPU
		{64E34269-E9FF-467E-AB4F-D15217F74173}.Debug|Any CPU.Build.0 = Debug|Any CPU
		{64E34269-E9FF-467E-AB4F-D15217F74173}.Debug|x64.ActiveCfg = Debug|Any CPU
		{64E34269-E9FF-467E-AB4F-D15217F74173}.Debug|x64.Build.0 = Debug|Any CPU
		{64E34269-E9FF-467E-AB4F-D15217F74173}.Debug|x86.ActiveCfg = Debug|Any CPU
		{64E34269-E9FF-467E-AB4F-D15217F74173}.Debug|x86.Build.0 = Debug|Any CPU
		{64E34269-E9FF-467E-AB4F-D15217F74173}.Release|Any CPU.ActiveCfg = Release|Any CPU
		{64E34269-E9FF-467E-AB4F-D15217F74173}.Release|Any CPU.Build.0 = Release|Any CPU
		{64E34269-E9FF-467E-AB4F-D15217F74173}.Release|x64.ActiveCfg = Release|Any CPU
		{64E34269-E9FF-467E-AB4F-D15217F74173}.Release|x64.Build.0 = Release|Any CPU
		{64E34269-E9FF-467E-AB4F-D15217F74173}.Release|x86.ActiveCfg = Release|Any CPU
		{64E34269-E9FF-467E-AB4F-D15217F74173}.Release|x86.Build.0 = Release|Any CPU
	EndGlobalSection
	GlobalSection(SolutionProperties) = preSolution
		HideSolutionNode = FALSE
	EndGlobalSection
	GlobalSection(NestedProjects) = preSolution
		{2E1B51D0-E2A0-48FC-B43D-15ACEF13FD92} = {827E0CD3-B72D-47B6-A68D-7590B98EB39B}
		{DFED1C9E-E1B2-4B57-8893-E7ED1E5E1876} = {827E0CD3-B72D-47B6-A68D-7590B98EB39B}
		{E43CD7C6-1B6F-4F4D-883E-CC87156A65D2} = {827E0CD3-B72D-47B6-A68D-7590B98EB39B}
		{1D060590-1249-483A-B9FA-19743A386573} = {827E0CD3-B72D-47B6-A68D-7590B98EB39B}
		{24466FCB-1FB7-47AE-B2D8-FA4E98DE740A} = {827E0CD3-B72D-47B6-A68D-7590B98EB39B}
		{5C1761E1-7279-4410-8DA6-C638AEDC66FA} = {827E0CD3-B72D-47B6-A68D-7590B98EB39B}
		{BAB61BD7-AC36-4CAC-9139-5BD16EA9ADD8} = {827E0CD3-B72D-47B6-A68D-7590B98EB39B}
		{64E34269-E9FF-467E-AB4F-D15217F74173} = {5D20AA90-6969-D8BD-9DCD-8634F4692FDA}
	EndGlobalSection
EndGlobal
